{
  "nodes": {
    "nixpkgs": {
      "locked": {
        "lastModified": 1766309749,
        "narHash": "sha256-3xY8CZ4rSnQ0NqGhMKAy5vgC+2IVK0NoVEzDoOh4DA4=",
        "owner": "NixOS",
        "repo": "nixpkgs",
        "rev": "a6531044f6d0bef691ea18d4d4ce44d0daa6e816",
        "type": "github"
      },
      "original": {
        "owner": "NixOS",
        "ref": "nixos-unstable",
        "repo": "nixpkgs",
        "type": "github"
      }
    },
    "nixpkgs_2": {
      "locked": {
        "lastModified": 1771177547,
        "narHash": "sha256-trTtk3WTOHz7hSw89xIIvahkgoFJYQ0G43IlqprFoMA=",
        "owner": "NixOS",
        "repo": "nixpkgs",
        "rev": "ac055f38c798b0d87695240c7b761b82fc7e5bc2",
        "type": "github"
      },
      "original": {
        "owner": "NixOS",
        "ref": "nixpkgs-unstable",
        "repo": "nixpkgs",
        "type": "github"
      }
    },
    "nixpkgs_3": {
      "locked": {
        "lastModified": 1771848320,
        "narHash": "sha256-0MAd+0mun3K/Ns8JATeHT1sX28faLII5hVLq0L3BdZU=",
        "owner": "NixOS",
        "repo": "nixpkgs",
        "rev": "2fc6539b481e1d2569f25f8799236694180c0993",
        "type": "github"
      },
      "original": {
        "owner": "NixOS",
        "ref": "nixos-unstable",
        "repo": "nixpkgs",
        "type": "github"
      }
    },
    "root": {
      "inputs": {
        "nixpkgs": "nixpkgs",
        "zigdoc-nix": "zigdoc-nix",
        "ziglint-nix": "ziglint-nix"
      }
    },
    "zigdoc-nix": {
      "inputs": {
        "nixpkgs": "nixpkgs_2"
      },
      "locked": {
        "lastModified": 1772450063,
        "narHash": "sha256-qa+8beHdJpt+48sCFCSOKO8z3amOaR6Si80m7atmTBY=",
        "owner": "uzaaft",
        "repo": "zigdoc-nix",
        "rev": "5b6c09096df56f027899aa276c5714e6e152bbf1",
        "type": "github"
      },
      "original": {
        "owner": "uzaaft",
        "repo": "zigdoc-nix",
        "type": "github"
      }
    },
    "ziglint-nix": {
      "inputs": {
        "nixpkgs": "nixpkgs_3"
      },
      "locked": {
        "lastModified": 1771921511,
        "narHash": "sha256-w42+jrv/6TWLORw3kgEZjloq3J/e0F9cmtR+IocxZTw=",
        "owner": "uzaaft",
        "repo": "ziglint-nix",
        "rev": "f304870db5039560ac25591cd19dc7bbb9e440ab",
        "type": "github"
      },
      "original": {
        "owner": "uzaaft",
        "repo": "ziglint-nix",
        "type": "github"
      }
    }
  },
  "root": "root",
  "version": 7
}
